
Microsoft Visual Studio Solution File, Format Version 12.00
Project("{FAE04EC0-301F-11D3-BF4B-00C04F79EFBC}") = "DMMS.Order.API", "DMMS.Order.API\DMMS.Order.API.csproj", "{DD89942C-F843-414B-ABD2-37BA4B30B8B4}"
EndProject
Project("{2150E333-8FDC-42A3-9474-1A3956D46DE8}") = "OrderService", "OrderService", "{936DA33F-0254-4D2E-8C37-98AA6E219297}"
EndProject
Project("{FAE04EC0-301F-11D3-BF4B-00C04F79EFBC}") = "DMMS.Order.Application", "DMMS.Order.Application\DMMS.Order.Application.csproj", "{75580D32-84BF-43E3-B679-EFB69F939B12}"
EndProject
Project("{FAE04EC0-301F-11D3-BF4B-00C04F79EFBC}") = "DMMS.Order.Contracts", "DMMS.Order.Contracts\DMMS.Order.Contracts.csproj", "{309BEF4F-DA87-49B7-9BB5-98426FE11128}"
EndProject
Project("{FAE04EC0-301F-11D3-BF4B-00C04F79EFBC}") = "DMMS.Order.Domain", "DMMS.Order.Domain\DMMS.Order.Domain.csproj", "{82DEA5F1-3604-4529-85E6-04ABB0110FDD}"
EndProject
Project("{FAE04EC0-301F-11D3-BF4B-00C04F79EFBC}") = "DMMS.Order.Infrastructure", "DMMS.Order.Infrastructure\DMMS.Order.Infrastructure.csproj", "{CC4A6522-A1C2-49F3-B176-329C733FE782}"
EndProject
Global
	GlobalSection(SolutionConfigurationPlatforms) = preSolution
		Debug|Any CPU = Debug|Any CPU
		Release|Any CPU = Release|Any CPU
	EndGlobalSection
	GlobalSection(ProjectConfigurationPlatforms) = postSolution
		{DD89942C-F843-414B-ABD2-37BA4B30B8B4}.Debug|Any CPU.ActiveCfg = Debug|Any CPU
		{DD89942C-F843-414B-ABD2-37BA4B30B8B4}.Debug|Any CPU.Build.0 = Debug|Any CPU
		{DD89942C-F843-414B-ABD2-37BA4B30B8B4}.Release|Any CPU.ActiveCfg = Release|Any CPU
		{DD89942C-F843-414B-ABD2-37BA4B30B8B4}.Release|Any CPU.Build.0 = Release|Any CPU
		{75580D32-84BF-43E3-B679-EFB69F939B12}.Debug|Any CPU.ActiveCfg = Debug|Any CPU
		{75580D32-84BF-43E3-B679-EFB69F939B12}.Debug|Any CPU.Build.0 = Debug|Any CPU
		{75580D32-84BF-43E3-B679-EFB69F939B12}.Release|Any CPU.ActiveCfg = Release|Any CPU
		{75580D32-84BF-43E3-B679-EFB69F939B12}.Release|Any CPU.Build.0 = Release|Any CPU
		{309BEF4F-DA87-49B7-9BB5-98426FE11128}.Debug|Any CPU.ActiveCfg = Debug|Any CPU
		{309BEF4F-DA87-49B7-9BB5-98426FE11128}.Debug|Any CPU.Build.0 = Debug|Any CPU
		{309BEF4F-DA87-49B7-9BB5-98426FE11128}.Release|Any CPU.ActiveCfg = Release|Any CPU
		{309BEF4F-DA87-49B7-9BB5-98426FE11128}.Release|Any CPU.Build.0 = Release|Any CPU
		{82DEA5F1-3604-4529-85E6-04ABB0110FDD}.Debug|Any CPU.ActiveCfg = Debug|Any CPU
		{82DEA5F1-3604-4529-85E6-04ABB0110FDD}.Debug|Any CPU.Build.0 = Debug|Any CPU
		{82DEA5F1-3604-4529-85E6-04ABB0110FDD}.Release|Any CPU.ActiveCfg = Release|Any CPU
		{82DEA5F1-3604-4529-85E6-04ABB0110FDD}.Release|Any CPU.Build.0 = Release|Any CPU
		{CC4A6522-A1C2-49F3-B176-329C733FE782}.Debug|Any CPU.ActiveCfg = Debug|Any CPU
		{CC4A6522-A1C2-49F3-B176-329C733FE782}.Debug|Any CPU.Build.0 = Debug|Any CPU
		{CC4A6522-A1C2-49F3-B176-329C733FE782}.Release|Any CPU.ActiveCfg = Release|Any CPU
		{CC4A6522-A1C2-49F3-B176-329C733FE782}.Release|Any CPU.Build.0 = Release|Any CPU
	EndGlobalSection
	GlobalSection(NestedProjects) = preSolution
		{DD89942C-F843-414B-ABD2-37BA4B30B8B4} = {936DA33F-0254-4D2E-8C37-98AA6E219297}
		{75580D32-84BF-43E3-B679-EFB69F939B12} = {936DA33F-0254-4D2E-8C37-98AA6E219297}
		{309BEF4F-DA87-49B7-9BB5-98426FE11128} = {936DA33F-0254-4D2E-8C37-98AA6E219297}
		{82DEA5F1-3604-4529-85E6-04ABB0110FDD} = {936DA33F-0254-4D2E-8C37-98AA6E219297}
		{CC4A6522-A1C2-49F3-B176-329C733FE782} = {936DA33F-0254-4D2E-8C37-98AA6E219297}
	EndGlobalSection
EndGlobal
